{
    "_meta": {
        "hash": {
            "sha256": "d3257e0f00c958f5f758d058c27975b89ab0d0ddf8498415242f1f4eb124b2dc"
        },
        "pipfile-spec": 6,
        "requires": {
            "python_version": "3.9"
        },
        "sources": [
            {
                "name": "pypi",
                "url": "https://pypi.org/simple",
                "verify_ssl": true
            }
        ]
    },
    "default": {
        "django": {
            "hashes": [
                "sha256:7c3543e4fb070d14e10926189a7fcf42ba919263b7473dceaefce34d54e8a119",
                "sha256:a2814bffd1f007805b19194eb0b9a331933b82bd5da1c3ba3d7b7ba16e06dc4b"
            ],
            "index": "pypi",
            "version": "==2.2"
        },
        "pytz": {
            "hashes": [
                "sha256:16962c5fb8db4a8f63a26646d8886e9d769b6c511543557bc84e9569fb9a9cb4",
                "sha256:180befebb1927b16f6b57101720075a984c019ac16b1b7575673bea42c6c3da5"
            ],
            "version": "==2020.5"
        },
        "sqlparse": {
            "hashes": [
                "sha256:017cde379adbd6a1f15a61873f43e8274179378e95ef3fede90b5aa64d304ed0",
                "sha256:0f91fd2e829c44362cbcfab3e9ae12e22badaa8a29ad5ff599f9ec109f0454e8"
            ],
            "markers": "python_version >= '3.5'",
            "version": "==0.4.1"
        }
    },
    "develop": {}
}
